
Microsoft Visual Studio Solution File, Format Version 12.00
# Visual Studio Version 17
VisualStudioVersion = 17.14.36301.6 d17.14
MinimumVisualStudioVersion = 10.0.40219.1
Project("{FAE04EC0-301F-11D3-BF4B-00C04F79EFBC}") = "Question 4", "Question 4\Question 4.csproj", "{74FEC26B-E43B-40AE-9C42-36621A832011}"
EndProject
Global
	GlobalSection(SolutionConfigurationPlatforms) = preSolution
		Debug|Any CPU = Debug|Any CPU
		Release|Any CPU = Release|Any CPU
	EndGlobalSection
	GlobalSection(ProjectConfigurationPlatforms) = postSolution
		{74FEC26B-E43B-40AE-9C42-36621A832011}.Debug|Any CPU.ActiveCfg = Debug|Any CPU
		{74FEC26B-E43B-40AE-9C42-36621A832011}.Debug|Any CPU.Build.0 = Debug|Any CPU
		{74FEC26B-E43B-40AE-9C42-36621A832011}.Release|Any CPU.ActiveCfg = Release|Any CPU
		{74FEC26B-E43B-40AE-9C42-36621A832011}.Release|Any CPU.Build.0 = Release|Any CPU
	EndGlobalSection
	GlobalSection(SolutionProperties) = preSolution
		HideSolutionNode = FALSE
	EndGlobalSection
	GlobalSection(ExtensibilityGlobals) = postSolution
		SolutionGuid = {209227BF-41ED-48D9-BD1D-B2D061F4B5AB}
	EndGlobalSection
EndGlobal
