
Microsoft Visual Studio Solution File, Format Version 12.00
# Visual Studio Version 17
VisualStudioVersion = 17.14.36301.6 d17.14
MinimumVisualStudioVersion = 10.0.40219.1
Project("{FAE04EC0-301F-11D3-BF4B-00C04F79EFBC}") = "Question 1", "Question 1\Question 1.csproj", "{1CFFDFB9-D62A-44A7-8D34-6492B561D44C}"
EndProject
Global
	GlobalSection(SolutionConfigurationPlatforms) = preSolution
		Debug|Any CPU = Debug|Any CPU
		Release|Any CPU = Release|Any CPU
	EndGlobalSection
	GlobalSection(ProjectConfigurationPlatforms) = postSolution
		{1CFFDFB9-D62A-44A7-8D34-6492B561D44C}.Debug|Any CPU.ActiveCfg = Debug|Any CPU
		{1CFFDFB9-D62A-44A7-8D34-6492B561D44C}.Debug|Any CPU.Build.0 = Debug|Any CPU
		{1CFFDFB9-D62A-44A7-8D34-6492B561D44C}.Release|Any CPU.ActiveCfg = Release|Any CPU
		{1CFFDFB9-D62A-44A7-8D34-6492B561D44C}.Release|Any CPU.Build.0 = Release|Any CPU
	EndGlobalSection
	GlobalSection(SolutionProperties) = preSolution
		HideSolutionNode = FALSE
	EndGlobalSection
	GlobalSection(ExtensibilityGlobals) = postSolution
		SolutionGuid = {C3C95635-A409-49A1-AFAD-5E3190686701}
	EndGlobalSection
EndGlobal
