
Microsoft Visual Studio Solution File, Format Version 12.00
# Visual Studio Version 17
VisualStudioVersion = 17.14.36301.6 d17.14
MinimumVisualStudioVersion = 10.0.40219.1
Project("{FAE04EC0-301F-11D3-BF4B-00C04F79EFBC}") = "Question 5", "Question 5\Question 5.csproj", "{9C831E4E-7F4D-4A97-83C1-17EC01965BC0}"
EndProject
Global
	GlobalSection(SolutionConfigurationPlatforms) = preSolution
		Debug|Any CPU = Debug|Any CPU
		Release|Any CPU = Release|Any CPU
	EndGlobalSection
	GlobalSection(ProjectConfigurationPlatforms) = postSolution
		{9C831E4E-7F4D-4A97-83C1-17EC01965BC0}.Debug|Any CPU.ActiveCfg = Debug|Any CPU
		{9C831E4E-7F4D-4A97-83C1-17EC01965BC0}.Debug|Any CPU.Build.0 = Debug|Any CPU
		{9C831E4E-7F4D-4A97-83C1-17EC01965BC0}.Release|Any CPU.ActiveCfg = Release|Any CPU
		{9C831E4E-7F4D-4A97-83C1-17EC01965BC0}.Release|Any CPU.Build.0 = Release|Any CPU
	EndGlobalSection
	GlobalSection(SolutionProperties) = preSolution
		HideSolutionNode = FALSE
	EndGlobalSection
	GlobalSection(ExtensibilityGlobals) = postSolution
		SolutionGuid = {16C81FA7-DBC6-47C5-9D59-7409603C2B15}
	EndGlobalSection
EndGlobal
